// !$*UTF8*$!
{
	archiveVersion = 1;
	classes = {
	};
	objectVersion = 50;
	objects = {

/* Begin PBXBuildFile section */
		FC3C361C20A61206009BFCB7 /* ViewController.swift in Sources */ = {isa = PBXBuildFile; fileRef = FC3C361B20A61206009BFCB7 /* ViewController.swift */; };
		FCB8E33D20991D8700670420 /* AppDelegate.swift in Sources */ = {isa = PBXBuildFile; fileRef = FCB8E33C20991D8700670420 /* AppDelegate.swift */; };
		FCB8E33F20991D8700670420 /* TableViewController.swift in Sources */ = {isa = PBXBuildFile; fileRef = FCB8E33E20991D8700670420 /* TableViewController.swift */; };
		FCB8E34220991D8700670420 /* Main.storyboard in Resources */ = {isa = PBXBuildFile; fileRef = FCB8E34020991D8700670420 /* Main.storyboard */; };
		FCB8E34420991D8800670420 /* Assets.xcassets in Resources */ = {isa = PBXBuildFile; fileRef = FCB8E34320991D8800670420 /* Assets.xcassets */; };
		FCB8E34720991D8800670420 /* LaunchScreen.storyboard in Resources */ = {isa = PBXBuildFile; fileRef = FCB8E34520991D8800670420 /* LaunchScreen.storyboard */; };
		FCD65C6320A24FC200D56460 /* ScrollViewController.swift in Sources */ = {isa = PBXBuildFile; fileRef = FCD65C6220A24FC200D56460 /* ScrollViewController.swift */; };
		FCF7BF7D209BC3D2006E22C9 /* NotificationBanner.swift in Sources */ = {isa = PBXBuildFile; fileRef = FCF7BF7C209BC3D2006E22C9 /* NotificationBanner.swift */; };
		FCF7BF7F20A0E99B006E22C9 /* CollectionViewController.swift in Sources */ = {isa = PBXBuildFile; fileRef = FCF7BF7E20A0E99B006E22C9 /* CollectionViewController.swift */; };
/* End PBXBuildFile section */

/* Begin PBXFileReference section */
		FC3C361B20A61206009BFCB7 /* ViewController.swift */ = {isa = PBXFileReference; lastKnownFileType = sourcecode.swift; path = ViewController.swift; sourceTree = "<group>"; };
		FCB8E33920991D8700670420 /* NotificationBannerDemo.app */ = {isa = PBXFileReference; explicitFileType = wrapper.application; includeInIndex = 0; path = NotificationBannerDemo.app; sourceTree = BUILT_PRODUCTS_DIR; };
		FCB8E33C20991D8700670420 /* AppDelegate.swift */ = {isa = PBXFileReference; lastKnownFileType = sourcecode.swift; path = AppDelegate.swift; sourceTree = "<group>"; };
		FCB8E33E20991D8700670420 /* TableViewController.swift */ = {isa = PBXFileReference; lastKnownFileType = sourcecode.swift; path = TableViewController.swift; sourceTree = "<group>"; };
		FCB8E34120991D8700670420 /* Base */ = {isa = PBXFileReference; lastKnownFileType = file.storyboard; name = Base; path = Base.lproj/Main.storyboard; sourceTree = "<group>"; };
		FCB8E34320991D8800670420 /* Assets.xcassets */ = {isa = PBXFileReference; lastKnownFileType = folder.assetcatalog; path = Assets.xcassets; sourceTree = "<group>"; };
		FCB8E34620991D8800670420 /* Base */ = {isa = PBXFileReference; lastKnownFileType = file.storyboard; name = Base; path = Base.lproj/LaunchScreen.storyboard; sourceTree = "<group>"; };
		FCB8E34820991D8800670420 /* Info.plist */ = {isa = PBXFileReference; lastKnownFileType = text.plist.xml; path = Info.plist; sourceTree = "<group>"; };
		FCD65C6220A24FC200D56460 /* ScrollViewController.swift */ = {isa = PBXFileReference; lastKnownFileType = sourcecode.swift; path = ScrollViewController.swift; sourceTree = "<group>"; };
		FCF7BF7C209BC3D2006E22C9 /* NotificationBanner.swift */ = {isa = PBXFileReference; lastKnownFileType = sourcecode.swift; path = NotificationBanner.swift; sourceTree = "<group>"; };
		FCF7BF7E20A0E99B006E22C9 /* CollectionViewController.swift */ = {isa = PBXFileReference; lastKnownFileType = sourcecode.swift; path = CollectionViewController.swift; sourceTree = "<group>"; };
/* End PBXFileReference section */

/* Begin PBXFrameworksBuildPhase section */
		FCB8E33620991D8700670420 /* Frameworks */ = {
			isa = PBXFrameworksBuildPhase;
			buildActionMask = 2147483647;
			files = (
			);
			runOnlyForDeploymentPostprocessing = 0;
		};
/* End PBXFrameworksBuildPhase section */

/* Begin PBXGroup section */
		FCB8E33020991D8700670420 = {
			isa = PBXGroup;
			children = (
				FCB8E33B20991D8700670420 /* NotificationBannerDemo */,
				FCB8E33A20991D8700670420 /* Products */,
			);
			sourceTree = "<group>";
		};
		FCB8E33A20991D8700670420 /* Products */ = {
			isa = PBXGroup;
			children = (
				FCB8E33920991D8700670420 /* NotificationBannerDemo.app */,
			);
			name = Products;
			sourceTree = "<group>";
		};
		FCB8E33B20991D8700670420 /* NotificationBannerDemo */ = {
			isa = PBXGroup;
			children = (
				FCF7BF8020A0E9A3006E22C9 /* ViewControllers */,
				FCB8E33C20991D8700670420 /* AppDelegate.swift */,
				FCF7BF7C209BC3D2006E22C9 /* NotificationBanner.swift */,
				FCB8E34020991D8700670420 /* Main.storyboard */,
				FCB8E34320991D8800670420 /* Assets.xcassets */,
				FCB8E34520991D8800670420 /* LaunchScreen.storyboard */,
				FCB8E34820991D8800670420 /* Info.plist */,
			);
			path = NotificationBannerDemo;
			sourceTree = "<group>";
		};
		FCF7BF8020A0E9A3006E22C9 /* ViewControllers */ = {
			isa = PBXGroup;
			children = (
				FCF7BF7E20A0E99B006E22C9 /* CollectionViewController.swift */,
				FCB8E33E20991D8700670420 /* TableViewController.swift */,
				FCD65C6220A24FC200D56460 /* ScrollViewController.swift */,
				FC3C361B20A61206009BFCB7 /* ViewController.swift */,
			);
			path = ViewControllers;
			sourceTree = "<group>";
		};
/* End PBXGroup section */

/* Begin PBXNativeTarget section */
		FCB8E33820991D8700670420 /* NotificationBannerDemo */ = {
			isa = PBXNativeTarget;
			buildConfigurationList = FCB8E34B20991D8800670420 /* Build configuration list for PBXNativeTarget "NotificationBannerDemo" */;
			buildPhases = (
				FCB8E33520991D8700670420 /* Sources */,
				FCB8E33620991D8700670420 /* Frameworks */,
				FCB8E33720991D8700670420 /* Resources */,
			);
			buildRules = (
			);
			dependencies = (
			);
			name = NotificationBannerDemo;
			productName = TestTableView;
			productReference = FCB8E33920991D8700670420 /* NotificationBannerDemo.app */;
			productType = "com.apple.product-type.application";
		};
/* End PBXNativeTarget section */

/* Begin PBXProject section */
		FCB8E33120991D8700670420 /* Project object */ = {
			isa = PBXProject;
			attributes = {
				LastSwiftUpdateCheck = 0930;
				LastUpgradeCheck = 0930;
				ORGANIZATIONNAME = "Louis Basile";
				TargetAttributes = {
					FCB8E33820991D8700670420 = {
						CreatedOnToolsVersion = 9.3;
					};
				};
			};
			buildConfigurationList = FCB8E33420991D8700670420 /* Build configuration list for PBXProject "NotificationBannerDemo" */;
			compatibilityVersion = "Xcode 9.3";
			developmentRegion = en;
			hasScannedForEncodings = 0;
			knownRegions = (
				en,
				Base,
			);
			mainGroup = FCB8E33020991D8700670420;
			productRefGroup = FCB8E33A20991D8700670420 /* Products */;
			projectDirPath = "";
			projectRoot = "";
			targets = (
				FCB8E33820991D8700670420 /* NotificationBannerDemo */,
			);
		};
/* End PBXProject section */

/* Begin PBXResourcesBuildPhase section */
		FCB8E33720991D8700670420 /* Resources */ = {
			isa = PBXResourcesBuildPhase;
			buildActionMask = 2147483647;
			files = (
				FCB8E34720991D8800670420 /* LaunchScreen.storyboard in Resources */,
				FCB8E34420991D8800670420 /* Assets.xcassets in Resources */,
				FCB8E34220991D8700670420 /* Main.storyboard in Resources */,
			);
			runOnlyForDeploymentPostprocessing = 0;
		};
/* End PBXResourcesBuildPhase section */

/* Begin PBXSourcesBuildPhase section */
		FCB8E33520991D8700670420 /* Sources */ = {
			isa = PBXSourcesBuildPhase;
			buildActionMask = 2147483647;
			files = (
				FC3C361C20A61206009BFCB7 /* ViewController.swift in Sources */,
				FCF7BF7F20A0E99B006E22C9 /* CollectionViewController.swift in Sources */,
				FCB8E33F20991D8700670420 /* TableViewController.swift in Sources */,
				FCD65C6320A24FC200D56460 /* ScrollViewController.swift in Sources */,
				FCB8E33D20991D8700670420 /* AppDelegate.swift in Sources */,
				FCF7BF7D209BC3D2006E22C9 /* NotificationBanner.swift in Sources */,
			);
			runOnlyForDeploymentPostprocessing = 0;
		};
/* End PBXSourcesBuildPhase section */

/* Begin PBXVariantGroup section */
		FCB8E34020991D8700670420 /* Main.storyboard */ = {
			isa = PBXVariantGroup;
			children = (
				FCB8E34120991D8700670420 /* Base */,
			);
			name = Main.storyboard;
			sourceTree = "<group>";
		};
		FCB8E34520991D8800670420 /* LaunchScreen.storyboard */ = {
			isa = PBXVariantGroup;
			children = (
				FCB8E34620991D8800670420 /* Base */,
			);
			name = LaunchScreen.storyboard;
			sourceTree = "<group>";
		};
/* End PBXVariantGroup section */

/* Begin XCBuildConfiguration section */
		FCB8E34920991D8800670420 /* Debug */ = {
			isa = XCBuildConfiguration;
			buildSettings = {
				ALWAYS_SEARCH_USER_PATHS = NO;
				CLANG_ANALYZER_NONNULL = YES;
				CLANG_ANALYZER_NUMBER_OBJECT_CONVERSION = YES_AGGRESSIVE;
				CLANG_CXX_LANGUAGE_STANDARD = "gnu++14";
				CLANG_CXX_LIBRARY = "libc++";
				CLANG_ENABLE_MODULES = YES;
				CLANG_ENABLE_OBJC_ARC = YES;
				CLANG_ENABLE_OBJC_WEAK = YES;
				CLANG_WARN_BLOCK_CAPTURE_AUTORELEASING = YES;
				CLANG_WARN_BOOL_CONVERSION = YES;
				CLANG_WARN_COMMA = YES;
				CLANG_WARN_CONSTANT_CONVERSION = YES;
				CLANG_WARN_DEPRECATED_OBJC_IMPLEMENTATIONS = YES;
				CLANG_WARN_DIRECT_OBJC_ISA_USAGE = YES_ERROR;
				CLANG_WARN_DOCUMENTATION_COMMENTS = YES;
				CLANG_WARN_EMPTY_BODY = YES;
				CLANG_WARN_ENUM_CONVERSION = YES;
				CLANG_WARN_INFINITE_RECURSION = YES;
				CLANG_WARN_INT_CONVERSION = YES;
				CLANG_WARN_NON_LITERAL_NULL_CONVERSION = YES;
				CLANG_WARN_OBJC_IMPLICIT_RETAIN_SELF = YES;
				CLANG_WARN_OBJC_LITERAL_CONVERSION = YES;
				CLANG_WARN_OBJC_ROOT_CLASS = YES_ERROR;
				CLANG_WARN_RANGE_LOOP_ANALYSIS = YES;
				CLANG_WARN_STRICT_PROTOTYPES = YES;
				CLANG_WARN_SUSPICIOUS_MOVE = YES;
				CLANG_WARN_UNGUARDED_AVAILABILITY = YES_AGGRESSIVE;
				CLANG_WARN_UNREACHABLE_CODE = YES;
				CLANG_WARN__DUPLICATE_METHOD_MATCH = YES;
				CODE_SIGN_IDENTITY = "iPhone Developer";
				COPY_PHASE_STRIP = NO;
				DEBUG_INFORMATION_FORMAT = dwarf;
				ENABLE_STRICT_OBJC_MSGSEND = YES;
				ENABLE_TESTABILITY = YES;
				GCC_C_LANGUAGE_STANDARD = gnu11;
				GCC_DYNAMIC_NO_PIC = NO;
				GCC_NO_COMMON_BLOCKS = YES;
				GCC_OPTIMIZATION_LEVEL = 0;
				GCC_PREPROCESSOR_DEFINITIONS = (
					"DEBUG=1",
					"$(inherited)",
				);
				GCC_WARN_64_TO_32_BIT_CONVERSION = YES;
				GCC_WARN_ABOUT_RETURN_TYPE = YES_ERROR;
				GCC_WARN_UNDECLARED_SELECTOR = YES;
				GCC_WARN_UNINITIALIZED_AUTOS = YES_AGGRESSIVE;
				GCC_WARN_UNUSED_FUNCTION = YES;
				GCC_WARN_UNUSED_VARIABLE = YES;
				IPHONEOS_DEPLOYMENT_TARGET = 11.3;
				MTL_ENABLE_DEBUG_INFO = YES;
				ONLY_ACTIVE_ARCH = YES;
				SDKROOT = iphoneos;
				SWIFT_ACTIVE_COMPILATION_CONDITIONS = DEBUG;
				SWIFT_OPTIMIZATION_LEVEL = "-Onone";
			};
			name = Debug;
		};
		FCB8E34A20991D8800670420 /* Release */ = {
			isa = XCBuildConfiguration;
			buildSettings = {
				ALWAYS_SEARCH_USER_PATHS = NO;
				CLANG_ANALYZER_NONNULL = YES;
				CLANG_ANALYZER_NUMBER_OBJECT_CONVERSION = YES_AGGRESSIVE;
				CLANG_CXX_LANGUAGE_STANDARD = "gnu++14";
				CLANG_CXX_LIBRARY = "libc++";
				CLANG_ENABLE_MODULES = YES;
				CLANG_ENABLE_OBJC_ARC = YES;
				CLANG_ENABLE_OBJC_WEAK = YES;
				CLANG_WARN_BLOCK_CAPTURE_AUTORELEASING = YES;
				CLANG_WARN_BOOL_CONVERSION = YES;
				CLANG_WARN_COMMA = YES;
				CLANG_WARN_CONSTANT_CONVERSION = YES;
				CLANG_WARN_DEPRECATED_OBJC_IMPLEMENTATIONS = YES;
				CLANG_WARN_DIRECT_OBJC_ISA_USAGE = YES_ERROR;
				CLANG_WARN_DOCUMENTATION_COMMENTS = YES;
				CLANG_WARN_EMPTY_BODY = YES;
				CLANG_WARN_ENUM_CONVERSION = YES;
				CLANG_WARN_INFINITE_RECURSION = YES;
				CLANG_WARN_INT_CONVERSION = YES;
				CLANG_WARN_NON_LITERAL_NULL_CONVERSION = YES;
				CLANG_WARN_OBJC_IMPLICIT_RETAIN_SELF = YES;
				CLANG_WARN_OBJC_LITERAL_CONVERSION = YES;
				CLANG_WARN_OBJC_ROOT_CLASS = YES_ERROR;
				CLANG_WARN_RANGE_LOOP_ANALYSIS = YES;
				CLANG_WARN_STRICT_PROTOTYPES = YES;
				CLANG_WARN_SUSPICIOUS_MOVE = YES;
				CLANG_WARN_UNGUARDED_AVAILABILITY = YES_AGGRESSIVE;
				CLANG_WARN_UNREACHABLE_CODE = YES;
				CLANG_WARN__DUPLICATE_METHOD_MATCH = YES;
				CODE_SIGN_IDENTITY = "iPhone Developer";
				COPY_PHASE_STRIP = NO;
				DEBUG_INFORMATION_FORMAT = "dwarf-with-dsym";
				ENABLE_NS_ASSERTIONS = NO;
				ENABLE_STRICT_OBJC_MSGSEND = YES;
				GCC_C_LANGUAGE_STANDARD = gnu11;
				GCC_NO_COMMON_BLOCKS = YES;
				GCC_WARN_64_TO_32_BIT_CONVERSION = YES;
				GCC_WARN_ABOUT_RETURN_TYPE = YES_ERROR;
				GCC_WARN_UNDECLARED_SELECTOR = YES;
				GCC_WARN_UNINITIALIZED_AUTOS = YES_AGGRESSIVE;
				GCC_WARN_UNUSED_FUNCTION = YES;
				GCC_WARN_UNUSED_VARIABLE = YES;
				IPHONEOS_DEPLOYMENT_TARGET = 11.3;
				MTL_ENABLE_DEBUG_INFO = NO;
				SDKROOT = iphoneos;
				SWIFT_COMPILATION_MODE = wholemodule;
				SWIFT_OPTIMIZATION_LEVEL = "-O";
				VALIDATE_PRODUCT = YES;
			};
			name = Release;
		};
		FCB8E34C20991D8800670420 /* Debug */ = {
			isa = XCBuildConfiguration;
			buildSettings = {
				ASSETCATALOG_COMPILER_APPICON_NAME = AppIcon;
				CODE_SIGN_STYLE = Automatic;
				DEVELOPMENT_TEAM = 9VAB4C9UST;
				INFOPLIST_FILE = NotificationBannerDemo/Info.plist;
				LD_RUNPATH_SEARCH_PATHS = (
					"$(inherited)",
					"@executable_path/Frameworks",
				);
				PRODUCT_BUNDLE_IDENTIFIER = com.imanage.NotificationBannerDemo;
				PRODUCT_NAME = "$(TARGET_NAME)";
				SWIFT_VERSION = 4.0;
				TARGETED_DEVICE_FAMILY = "1,2";
			};
			name = Debug;
		};
		FCB8E34D20991D8800670420 /* Release */ = {
			isa = XCBuildConfiguration;
			buildSettings = {
				ASSETCATALOG_COMPILER_APPICON_NAME = AppIcon;
				CODE_SIGN_STYLE = Automatic;
				DEVELOPMENT_TEAM = 9VAB4C9UST;
				INFOPLIST_FILE = NotificationBannerDemo/Info.plist;
				LD_RUNPATH_SEARCH_PATHS = (
					"$(inherited)",
					"@executable_path/Frameworks",
				);
				PRODUCT_BUNDLE_IDENTIFIER = com.imanage.NotificationBannerDemo;
				PRODUCT_NAME = "$(TARGET_NAME)";
				SWIFT_VERSION = 4.0;
				TARGETED_DEVICE_FAMILY = "1,2";
			};
			name = Release;
		};
/* End XCBuildConfiguration section */

/* Begin XCConfigurationList section */
		FCB8E33420991D8700670420 /* Build configuration list for PBXProject "NotificationBannerDemo" */ = {
			isa = XCConfigurationList;
			buildConfigurations = (
				FCB8E34920991D8800670420 /* Debug */,
				FCB8E34A20991D8800670420 /* Release */,
			);
			defaultConfigurationIsVisible = 0;
			defaultConfigurationName = Release;
		};
		FCB8E34B20991D8800670420 /* Build configuration list for PBXNativeTarget "NotificationBannerDemo" */ = {
			isa = XCConfigurationList;
			buildConfigurations = (
				FCB8E34C20991D8800670420 /* Debug */,
				FCB8E34D20991D8800670420 /* Release */,
			);
			defaultConfigurationIsVisible = 0;
			defaultConfigurationName = Release;
		};
/* End XCConfigurationList section */
	};
	rootObject = FCB8E33120991D8700670420 /* Project object */;
}
